{
  "name": "full_example",
  "version": "1.0.0",
  "lockfileVersion": 3,
  "requires": true,
  "packages": {
    "": {
      "name": "full_example",
      "version": "1.0.0",
      "license": "ISC",
      "dependencies": {
        "pretty-bytes": "^7.1.0",
        "pretty-ms": "^9.3.0"
      },
      "devDependencies": {
        "@globe/dart_source_generator": "../../packages/globe_runtime_ts/dart_source_generator",
        "@globe/runtime_types": "../../packages/globe_runtime_ts/runtime_types",
        "@types/node": "^25.0.2",
        "typescript": "^5.9.3"
      }
    },
    "../../packages/globe_runtime_ts": {
      "name": "@globe/runtime_types",
      "version": "1.0.3",
      "dev": true,
      "license": "MIT"
    },
    "../../packages/globe_runtime_ts/dart_source_generator": {
      "name": "@globe/dart_source_generator",
      "version": "1.0.0",
      "dev": true,
      "license": "MIT",
      "dependencies": {
        "glob": "^13.0.0",
        "tsdown": "0.17.4",
        "tslog": "^4.10.2",
        "typescript": "^5.9.3"
      },
      "bin": {
        "globe-dart-source-generator": "dist/bin/generate.js"
      },
      "devDependencies": {
        "@types/node": "^25.0.2",
        "@vitest/coverage-v8": "^4.0.15",
        "vitest": "^4.0.15"
      }
    },
    "../../packages/globe_runtime_ts/runtime_types": {
      "name": "@globe/runtime_types",
      "version": "1.0.3",
      "dev": true,
      "license": "MIT"
    },
    "node_modules/@globe/dart_source_generator": {
      "resolved": "../../packages/globe_runtime_ts/dart_source_generator",
      "link": true
    },
    "node_modules/@globe/runtime_types": {
      "resolved": "../../packages/globe_runtime_ts/runtime_types",
      "link": true
    },
    "node_modules/@types/node": {
      "version": "25.0.2",
      "resolved": "https://registry.npmjs.org/@types/node/-/node-25.0.2.tgz",
      "integrity": "sha512-gWEkeiyYE4vqjON/+Obqcoeffmk0NF15WSBwSs7zwVA2bAbTaE0SJ7P0WNGoJn8uE7fiaV5a7dKYIJriEqOrmA==",
      "dev": true,
      "license": "MIT",
      "dependencies": {
        "undici-types": "~7.16.0"
      }
    },
    "node_modules/parse-ms": {
      "version": "4.0.0",
      "resolved": "https://registry.npmjs.org/parse-ms/-/parse-ms-4.0.0.tgz",
      "integrity": "sha512-TXfryirbmq34y8QBwgqCVLi+8oA3oWx2eAnSn62ITyEhEYaWRlVZ2DvMM9eZbMs/RfxPu/PK/aBLyGj4IrqMHw==",
      "license": "MIT",
      "engines": {
        "node": ">=18"
      },
      "funding": {
        "url": "https://github.com/sponsors/sindresorhus"
      }
    },
    "node_modules/pretty-bytes": {
      "version": "7.1.0",
      "resolved": "https://registry.npmjs.org/pretty-bytes/-/pretty-bytes-7.1.0.tgz",
      "integrity": "sha512-nODzvTiYVRGRqAOvE84Vk5JDPyyxsVk0/fbA/bq7RqlnhksGpset09XTxbpvLTIjoaF7K8Z8DG8yHtKGTPSYRw==",
      "license": "MIT",
      "engines": {
        "node": ">=20"
      },
      "funding": {
        "url": "https://github.com/sponsors/sindresorhus"
      }
    },
    "node_modules/pretty-ms": {
      "version": "9.3.0",
      "resolved": "https://registry.npmjs.org/pretty-ms/-/pretty-ms-9.3.0.tgz",
      "integrity": "sha512-gjVS5hOP+M3wMm5nmNOucbIrqudzs9v/57bWRHQWLYklXqoXKrVfYW2W9+glfGsqtPgpiz5WwyEEB+ksXIx3gQ==",
      "license": "MIT",
      "dependencies": {
        "parse-ms": "^4.0.0"
      },
      "engines": {
        "node": ">=18"
      },
      "funding": {
        "url": "https://github.com/sponsors/sindresorhus"
      }
    },
    "node_modules/typescript": {
      "version": "5.9.3",
      "resolved": "https://registry.npmjs.org/typescript/-/typescript-5.9.3.tgz",
      "integrity": "sha512-jl1vZzPDinLr9eUt3J/t7V6FgNEw9QjvBPdysz9KfQDD41fQrC2Y4vKQdiaUpFT4bXlb1RHhLpp8wtm6M5TgSw==",
      "dev": true,
      "license": "Apache-2.0",
      "bin": {
        "tsc": "bin/tsc",
        "tsserver": "bin/tsserver"
      },
      "engines": {
        "node": ">=14.17"
      }
    },
    "node_modules/undici-types": {
      "version": "7.16.0",
      "resolved": "https://registry.npmjs.org/undici-types/-/undici-types-7.16.0.tgz",
      "integrity": "sha512-Zz+aZWSj8LE6zoxD+xrjh4VfkIG8Ya6LvYkZqtUQGJPZjYl53ypCaUwWqo7eI0x66KBGeRo+mlBEkMSeSZ38Nw==",
      "dev": true,
      "license": "MIT"
    }
  }
}
